
Microsoft Visual Studio Solution File, Format Version 12.00
# Visual Studio Version 17
VisualStudioVersion = 17.2.32602.215
MinimumVisualStudioVersion = 10.0.40219.1
Project("{FAE04EC0-301F-11D3-BF4B-00C04F79EFBC}") = "LeitorPCAP", "LeitorPCAP\LeitorPCAP.csproj", "{3E94E9C5-0A8C-4062-A66E-6F4CECE5223E}"
EndProject
Global
	GlobalSection(SolutionConfigurationPlatforms) = preSolution
		Debug|Any CPU = Debug|Any CPU
		Release|Any CPU = Release|Any CPU
	EndGlobalSection
	GlobalSection(ProjectConfigurationPlatforms) = postSolution
		{3E94E9C5-0A8C-4062-A66E-6F4CECE5223E}.Debug|Any CPU.ActiveCfg = Debug|Any CPU
		{3E94E9C5-0A8C-4062-A66E-6F4CECE5223E}.Debug|Any CPU.Build.0 = Debug|Any CPU
		{3E94E9C5-0A8C-4062-A66E-6F4CECE5223E}.Release|Any CPU.ActiveCfg = Release|Any CPU
		{3E94E9C5-0A8C-4062-A66E-6F4CECE5223E}.Release|Any CPU.Build.0 = Release|Any CPU
	EndGlobalSection
	GlobalSection(SolutionProperties) = preSolution
		HideSolutionNode = FALSE
	EndGlobalSection
	GlobalSection(ExtensibilityGlobals) = postSolution
		SolutionGuid = {7F945465-377A-4786-9C3E-C4C34E83CDBB}
	EndGlobalSection
EndGlobal
